
Microsoft Visual Studio Solution File, Format Version 12.00
# Visual Studio Version 17
VisualStudioVersion = 17.8.34309.116
MinimumVisualStudioVersion = 10.0.40219.1
Project("{FAE04EC0-301F-11D3-BF4B-00C04F79EFBC}") = "TraceRouter", "TraceRouter\TraceRouter.csproj", "{F6CA7095-BF28-4420-A2E9-575CFCC27197}"
EndProject
Global
	GlobalSection(SolutionConfigurationPlatforms) = preSolution
		Debug|Any CPU = Debug|Any CPU
		Release|Any CPU = Release|Any CPU
	EndGlobalSection
	GlobalSection(ProjectConfigurationPlatforms) = postSolution
		{F6CA7095-BF28-4420-A2E9-575CFCC27197}.Debug|Any CPU.ActiveCfg = Debug|Any CPU
		{F6CA7095-BF28-4420-A2E9-575CFCC27197}.Debug|Any CPU.Build.0 = Debug|Any CPU
		{F6CA7095-BF28-4420-A2E9-575CFCC27197}.Release|Any CPU.ActiveCfg = Release|Any CPU
		{F6CA7095-BF28-4420-A2E9-575CFCC27197}.Release|Any CPU.Build.0 = Release|Any CPU
	EndGlobalSection
	GlobalSection(SolutionProperties) = preSolution
		HideSolutionNode = FALSE
	EndGlobalSection
	GlobalSection(ExtensibilityGlobals) = postSolution
		SolutionGuid = {48BC3E3C-492E-4F8A-A9C5-F7BD3D6271D9}
	EndGlobalSection
EndGlobal
